
Microsoft Visual Studio Solution File, Format Version 12.00
# Visual Studio Version 16
VisualStudioVersion = 16.0.31005.135
MinimumVisualStudioVersion = 10.0.40219.1
Project("{FAE04EC0-301F-11D3-BF4B-00C04F79EFBC}") = "Practica4_MAPGrupo21", "Practica4_MAPGrupo21\Practica4_MAPGrupo21.csproj", "{0E70208B-6F14-483F-B2DA-364D958743A9}"
EndProject
Global
	GlobalSection(SolutionConfigurationPlatforms) = preSolution
		Debug|Any CPU = Debug|Any CPU
		Release|Any CPU = Release|Any CPU
	EndGlobalSection
	GlobalSection(ProjectConfigurationPlatforms) = postSolution
		{0E70208B-6F14-483F-B2DA-364D958743A9}.Debug|Any CPU.ActiveCfg = Debug|Any CPU
		{0E70208B-6F14-483F-B2DA-364D958743A9}.Debug|Any CPU.Build.0 = Debug|Any CPU
		{0E70208B-6F14-483F-B2DA-364D958743A9}.Release|Any CPU.ActiveCfg = Release|Any CPU
		{0E70208B-6F14-483F-B2DA-364D958743A9}.Release|Any CPU.Build.0 = Release|Any CPU
	EndGlobalSection
	GlobalSection(SolutionProperties) = preSolution
		HideSolutionNode = FALSE
	EndGlobalSection
	GlobalSection(ExtensibilityGlobals) = postSolution
		SolutionGuid = {E44D1CC7-B61F-4D99-8BBF-E73CA1497A71}
	EndGlobalSection
EndGlobal
